// !$*UTF8*$!
{
	archiveVersion = 1;
	classes = {
	};
	objectVersion = 77;
	objects = {

/* Begin PBXBuildFile section */
		5B74E7672F15AC380023F3FF /* EpicPlayWatch Watch App.app in Embed Watch Content */ = {isa = PBXBuildFile; fileRef = 5B74E7472F15AC2D0023F3FF /* EpicPlayWatch Watch App.app */; settings = {ATTRIBUTES = (RemoveHeadersOnCopy, ); }; };
/* End PBXBuildFile section */

/* Begin PBXContainerItemProxy section */
		5B07E5502E25496400B78F8B /* PBXContainerItemProxy */ = {
			isa = PBXContainerItemProxy;
			containerPortal = 5B07E5392E25495800B78F8B /* Project object */;
			proxyType = 1;
			remoteGlobalIDString = 5B07E5402E25495800B78F8B;
			remoteInfo = EpicPlay;
		};
		5B07E55A2E25496400B78F8B /* PBXContainerItemProxy */ = {
			isa = PBXContainerItemProxy;
			containerPortal = 5B07E5392E25495800B78F8B /* Project object */;
			proxyType = 1;
			remoteGlobalIDString = 5B07E5402E25495800B78F8B;
			remoteInfo = EpicPlay;
		};
		5B74E7542F15AC380023F3FF /* PBXContainerItemProxy */ = {
			isa = PBXContainerItemProxy;
			containerPortal = 5B07E5392E25495800B78F8B /* Project object */;
			proxyType = 1;
			remoteGlobalIDString = 5B74E7462F15AC2D0023F3FF;
			remoteInfo = "EpicPlayWatch Watch App";
		};
		5B74E75E2F15AC380023F3FF /* PBXContainerItemProxy */ = {
			isa = PBXContainerItemProxy;
			containerPortal = 5B07E5392E25495800B78F8B /* Project object */;
			proxyType = 1;
			remoteGlobalIDString = 5B74E7462F15AC2D0023F3FF;
			remoteInfo = "EpicPlayWatch Watch App";
		};
		5B74E7652F15AC380023F3FF /* PBXContainerItemProxy */ = {
			isa = PBXContainerItemProxy;
			containerPortal = 5B07E5392E25495800B78F8B /* Project object */;
			proxyType = 1;
			remoteGlobalIDString = 5B74E7462F15AC2D0023F3FF;
			remoteInfo = "EpicPlayWatch Watch App";
		};
/* End PBXContainerItemProxy section */

/* Begin PBXCopyFilesBuildPhase section */
		5B766EDE2F1365BE000E965F /* Embed Watch Content */ = {
			isa = PBXCopyFilesBuildPhase;
			buildActionMask = 2147483647;
			dstPath = "$(CONTENTS_FOLDER_PATH)/Watch";
			dstSubfolderSpec = 16;
			files = (
				5B74E7672F15AC380023F3FF /* EpicPlayWatch Watch App.app in Embed Watch Content */,
			);
			name = "Embed Watch Content";
			runOnlyForDeploymentPostprocessing = 0;
		};
/* End PBXCopyFilesBuildPhase section */

/* Begin PBXFileReference section */
		5B07E5412E25495800B78F8B /* EpicPlay.app */ = {isa = PBXFileReference; explicitFileType = wrapper.application; includeInIndex = 0; path = EpicPlay.app; sourceTree = BUILT_PRODUCTS_DIR; };
		5B07E54F2E25496400B78F8B /* EpicPlayTests.xctest */ = {isa = PBXFileReference; explicitFileType = wrapper.cfbundle; includeInIndex = 0; path = EpicPlayTests.xctest; sourceTree = BUILT_PRODUCTS_DIR; };
		5B07E5592E25496400B78F8B /* EpicPlayUITests.xctest */ = {isa = PBXFileReference; explicitFileType = wrapper.cfbundle; includeInIndex = 0; path = EpicPlayUITests.xctest; sourceTree = BUILT_PRODUCTS_DIR; };
		5B74E7472F15AC2D0023F3FF /* EpicPlayWatch Watch App.app */ = {isa = PBXFileReference; explicitFileType = wrapper.application; includeInIndex = 0; path = "EpicPlayWatch Watch App.app"; sourceTree = BUILT_PRODUCTS_DIR; };
		5B74E7532F15AC380023F3FF /* EpicPlayWatch Watch AppTests.xctest */ = {isa = PBXFileReference; explicitFileType = wrapper.cfbundle; includeInIndex = 0; path = "EpicPlayWatch Watch AppTests.xctest"; sourceTree = BUILT_PRODUCTS_DIR; };
		5B74E75D2F15AC380023F3FF /* EpicPlayWatch Watch AppUITests.xctest */ = {isa = PBXFileReference; explicitFileType = wrapper.cfbundle; includeInIndex = 0; path = "EpicPlayWatch Watch AppUITests.xctest"; sourceTree = BUILT_PRODUCTS_DIR; };
/* End PBXFileReference section */

/* Begin PBXFileSystemSynchronizedBuildFileExceptionSet section */
		5BBA54FB2E256A1000CBCDE6 /* Exceptions for "EpicPlay" folder in "EpicPlay" target */ = {
			isa = PBXFileSystemSynchronizedBuildFileExceptionSet;
			membershipExceptions = (
				Info.plist,
			);
			target = 5B07E5402E25495800B78F8B /* EpicPlay */;
		};
/* End PBXFileSystemSynchronizedBuildFileExceptionSet section */

/* Begin PBXFileSystemSynchronizedRootGroup section */
		5B07E5432E25495800B78F8B /* EpicPlay */ = {
			isa = PBXFileSystemSynchronizedRootGroup;
			exceptions = (
				5BBA54FB2E256A1000CBCDE6 /* Exceptions for "EpicPlay" folder in "EpicPlay" target */,
			);
			path = EpicPlay;
			sourceTree = "<group>";
		};
		5B07E5522E25496400B78F8B /* EpicPlayTests */ = {
			isa = PBXFileSystemSynchronizedRootGroup;
			path = EpicPlayTests;
			sourceTree = "<group>";
		};
		5B07E55C2E25496400B78F8B /* EpicPlayUITests */ = {
			isa = PBXFileSystemSynchronizedRootGroup;
			path = EpicPlayUITests;
			sourceTree = "<group>";
		};
		5B74E7482F15AC2D0023F3FF /* EpicPlayWatch Watch App */ = {
			isa = PBXFileSystemSynchronizedRootGroup;
			path = "EpicPlayWatch Watch App";
			sourceTree = "<group>";
		};
		5B74E7562F15AC380023F3FF /* EpicPlayWatch Watch AppTests */ = {
			isa = PBXFileSystemSynchronizedRootGroup;
			path = "EpicPlayWatch Watch AppTests";
			sourceTree = "<group>";
		};
		5B74E7602F15AC380023F3FF /* EpicPlayWatch Watch AppUITests */ = {
			isa = PBXFileSystemSynchronizedRootGroup;
			path = "EpicPlayWatch Watch AppUITests";
			sourceTree = "<group>";
		};
/* End PBXFileSystemSynchronizedRootGroup section */

/* Begin PBXFrameworksBuildPhase section */
		5B07E53E2E25495800B78F8B /* Frameworks */ = {
			isa = PBXFrameworksBuildPhase;
			buildActionMask = 2147483647;
			files = (
			);
			runOnlyForDeploymentPostprocessing = 0;
		};
		5B07E54C2E25496400B78F8B /* Frameworks */ = {
			isa = PBXFrameworksBuildPhase;
			buildActionMask = 2147483647;
			files = (
			);
			runOnlyForDeploymentPostprocessing = 0;
		};
		5B07E5562E25496400B78F8B /* Frameworks */ = {
			isa = PBXFrameworksBuildPhase;
			buildActionMask = 2147483647;
			files = (
			);
			runOnlyForDeploymentPostprocessing = 0;
		};
		5B74E7442F15AC2D0023F3FF /* Frameworks */ = {
			isa = PBXFrameworksBuildPhase;
			buildActionMask = 2147483647;
			files = (
			);
			runOnlyForDeploymentPostprocessing = 0;
		};
		5B74E7502F15AC380023F3FF /* Frameworks */ = {
			isa = PBXFrameworksBuildPhase;
			buildActionMask = 2147483647;
			files = (
			);
			runOnlyForDeploymentPostprocessing = 0;
		};
		5B74E75A2F15AC380023F3FF /* Frameworks */ = {
			isa = PBXFrameworksBuildPhase;
			buildActionMask = 2147483647;
			files = (
			);
			runOnlyForDeploymentPostprocessing = 0;
		};
/* End PBXFrameworksBuildPhase section */

/* Begin PBXGroup section */
		5B07E5382E25495800B78F8B = {
			isa = PBXGroup;
			children = (
				5B07E5432E25495800B78F8B /* EpicPlay */,
				5B07E5522E25496400B78F8B /* EpicPlayTests */,
				5B07E55C2E25496400B78F8B /* EpicPlayUITests */,
				5B74E7482F15AC2D0023F3FF /* EpicPlayWatch Watch App */,
				5B74E7562F15AC380023F3FF /* EpicPlayWatch Watch AppTests */,
				5B74E7602F15AC380023F3FF /* EpicPlayWatch Watch AppUITests */,
				5B07E5422E25495800B78F8B /* Products */,
			);
			sourceTree = "<group>";
		};
		5B07E5422E25495800B78F8B /* Products */ = {
			isa = PBXGroup;
			children = (
				5B07E5412E25495800B78F8B /* EpicPlay.app */,
				5B07E54F2E25496400B78F8B /* EpicPlayTests.xctest */,
				5B07E5592E25496400B78F8B /* EpicPlayUITests.xctest */,
				5B74E7472F15AC2D0023F3FF /* EpicPlayWatch Watch App.app */,
				5B74E7532F15AC380023F3FF /* EpicPlayWatch Watch AppTests.xctest */,
				5B74E75D2F15AC380023F3FF /* EpicPlayWatch Watch AppUITests.xctest */,
			);
			name = Products;
			sourceTree = "<group>";
		};
/* End PBXGroup section */

/* Begin PBXNativeTarget section */
		5B07E5402E25495800B78F8B /* EpicPlay */ = {
			isa = PBXNativeTarget;
			buildConfigurationList = 5B07E5632E25496400B78F8B /* Build configuration list for PBXNativeTarget "EpicPlay" */;
			buildPhases = (
				5B07E53D2E25495800B78F8B /* Sources */,
				5B07E53E2E25495800B78F8B /* Frameworks */,
				5B07E53F2E25495800B78F8B /* Resources */,
				5B766EDE2F1365BE000E965F /* Embed Watch Content */,
			);
			buildRules = (
			);
			dependencies = (
				5B74E7662F15AC380023F3FF /* PBXTargetDependency */,
			);
			fileSystemSynchronizedGroups = (
				5B07E5432E25495800B78F8B /* EpicPlay */,
			);
			name = EpicPlay;
			packageProductDependencies = (
			);
			productName = EpicPlay;
			productReference = 5B07E5412E25495800B78F8B /* EpicPlay.app */;
			productType = "com.apple.product-type.application";
		};
		5B07E54E2E25496400B78F8B /* EpicPlayTests */ = {
			isa = PBXNativeTarget;
			buildConfigurationList = 5B07E5662E25496400B78F8B /* Build configuration list for PBXNativeTarget "EpicPlayTests" */;
			buildPhases = (
				5B07E54B2E25496400B78F8B /* Sources */,
				5B07E54C2E25496400B78F8B /* Frameworks */,
				5B07E54D2E25496400B78F8B /* Resources */,
			);
			buildRules = (
			);
			dependencies = (
				5B07E5512E25496400B78F8B /* PBXTargetDependency */,
			);
			fileSystemSynchronizedGroups = (
				5B07E5522E25496400B78F8B /* EpicPlayTests */,
			);
			name = EpicPlayTests;
			packageProductDependencies = (
			);
			productName = EpicPlayTests;
			productReference = 5B07E54F2E25496400B78F8B /* EpicPlayTests.xctest */;
			productType = "com.apple.product-type.bundle.unit-test";
		};
		5B07E5582E25496400B78F8B /* EpicPlayUITests */ = {
			isa = PBXNativeTarget;
			buildConfigurationList = 5B07E5692E25496400B78F8B /* Build configuration list for PBXNativeTarget "EpicPlayUITests" */;
			buildPhases = (
				5B07E5552E25496400B78F8B /* Sources */,
				5B07E5562E25496400B78F8B /* Frameworks */,
				5B07E5572E25496400B78F8B /* Resources */,
			);
			buildRules = (
			);
			dependencies = (
				5B07E55B2E25496400B78F8B /* PBXTargetDependency */,
			);
			fileSystemSynchronizedGroups = (
				5B07E55C2E25496400B78F8B /* EpicPlayUITests */,
			);
			name = EpicPlayUITests;
			packageProductDependencies = (
			);
			productName = EpicPlayUITests;
			productReference = 5B07E5592E25496400B78F8B /* EpicPlayUITests.xctest */;
			productType = "com.apple.product-type.bundle.ui-testing";
		};
		5B74E7462F15AC2D0023F3FF /* EpicPlayWatch Watch App */ = {
			isa = PBXNativeTarget;
			buildConfigurationList = 5B74E76E2F15AC380023F3FF /* Build configuration list for PBXNativeTarget "EpicPlayWatch Watch App" */;
			buildPhases = (
				5B74E7432F15AC2D0023F3FF /* Sources */,
				5B74E7442F15AC2D0023F3FF /* Frameworks */,
				5B74E7452F15AC2D0023F3FF /* Resources */,
			);
			buildRules = (
			);
			dependencies = (
			);
			fileSystemSynchronizedGroups = (
				5B74E7482F15AC2D0023F3FF /* EpicPlayWatch Watch App */,
			);
			name = "EpicPlayWatch Watch App";
			packageProductDependencies = (
			);
			productName = "EpicPlayWatch Watch App";
			productReference = 5B74E7472F15AC2D0023F3FF /* EpicPlayWatch Watch App.app */;
			productType = "com.apple.product-type.application";
		};
		5B74E7522F15AC380023F3FF /* EpicPlayWatch Watch AppTests */ = {
			isa = PBXNativeTarget;
			buildConfigurationList = 5B74E76F2F15AC380023F3FF /* Build configuration list for PBXNativeTarget "EpicPlayWatch Watch AppTests" */;
			buildPhases = (
				5B74E74F2F15AC380023F3FF /* Sources */,
				5B74E7502F15AC380023F3FF /* Frameworks */,
				5B74E7512F15AC380023F3FF /* Resources */,
			);
			buildRules = (
			);
			dependencies = (
				5B74E7552F15AC380023F3FF /* PBXTargetDependency */,
			);
			fileSystemSynchronizedGroups = (
				5B74E7562F15AC380023F3FF /* EpicPlayWatch Watch AppTests */,
			);
			name = "EpicPlayWatch Watch AppTests";
			packageProductDependencies = (
			);
			productName = "EpicPlayWatch Watch AppTests";
			productReference = 5B74E7532F15AC380023F3FF /* EpicPlayWatch Watch AppTests.xctest */;
			productType = "com.apple.product-type.bundle.unit-test";
		};
		5B74E75C2F15AC380023F3FF /* EpicPlayWatch Watch AppUITests */ = {
			isa = PBXNativeTarget;
			buildConfigurationList = 5B74E7702F15AC380023F3FF /* Build configuration list for PBXNativeTarget "EpicPlayWatch Watch AppUITests" */;
			buildPhases = (
				5B74E7592F15AC380023F3FF /* Sources */,
				5B74E75A2F15AC380023F3FF /* Frameworks */,
				5B74E75B2F15AC380023F3FF /* Resources */,
			);
			buildRules = (
			);
			dependencies = (
				5B74E75F2F15AC380023F3FF /* PBXTargetDependency */,
			);
			fileSystemSynchronizedGroups = (
				5B74E7602F15AC380023F3FF /* EpicPlayWatch Watch AppUITests */,
			);
			name = "EpicPlayWatch Watch AppUITests";
			packageProductDependencies = (
			);
			productName = "EpicPlayWatch Watch AppUITests";
			productReference = 5B74E75D2F15AC380023F3FF /* EpicPlayWatch Watch AppUITests.xctest */;
			productType = "com.apple.product-type.bundle.ui-testing";
		};
/* End PBXNativeTarget section */

/* Begin PBXProject section */
		5B07E5392E25495800B78F8B /* Project object */ = {
			isa = PBXProject;
			attributes = {
				BuildIndependentTargetsInParallel = 1;
				LastSwiftUpdateCheck = 1640;
				LastUpgradeCheck = 1640;
				TargetAttributes = {
					5B07E5402E25495800B78F8B = {
						CreatedOnToolsVersion = 16.4;
					};
					5B07E54E2E25496400B78F8B = {
						CreatedOnToolsVersion = 16.4;
						TestTargetID = 5B07E5402E25495800B78F8B;
					};
					5B07E5582E25496400B78F8B = {
						CreatedOnToolsVersion = 16.4;
						TestTargetID = 5B07E5402E25495800B78F8B;
					};
					5B74E7462F15AC2D0023F3FF = {
						CreatedOnToolsVersion = 16.4;
					};
					5B74E7522F15AC380023F3FF = {
						CreatedOnToolsVersion = 16.4;
						TestTargetID = 5B74E7462F15AC2D0023F3FF;
					};
					5B74E75C2F15AC380023F3FF = {
						CreatedOnToolsVersion = 16.4;
						TestTargetID = 5B74E7462F15AC2D0023F3FF;
					};
				};
			};
			buildConfigurationList = 5B07E53C2E25495800B78F8B /* Build configuration list for PBXProject "EpicPlay" */;
			developmentRegion = en;
			hasScannedForEncodings = 0;
			knownRegions = (
				en,
				Base,
			);
			mainGroup = 5B07E5382E25495800B78F8B;
			minimizedProjectReferenceProxies = 1;
			preferredProjectObjectVersion = 77;
			productRefGroup = 5B07E5422E25495800B78F8B /* Products */;
			projectDirPath = "";
			projectRoot = "";
			targets = (
				5B07E5402E25495800B78F8B /* EpicPlay */,
				5B07E54E2E25496400B78F8B /* EpicPlayTests */,
				5B07E5582E25496400B78F8B /* EpicPlayUITests */,
				5B74E7462F15AC2D0023F3FF /* EpicPlayWatch Watch App */,
				5B74E7522F15AC380023F3FF /* EpicPlayWatch Watch AppTests */,
				5B74E75C2F15AC380023F3FF /* EpicPlayWatch Watch AppUITests */,
			);
		};
/* End PBXProject section */

/* Begin PBXResourcesBuildPhase section */
		5B07E53F2E25495800B78F8B /* Resources */ = {
			isa = PBXResourcesBuildPhase;
			buildActionMask = 2147483647;
			files = (
			);
			runOnlyForDeploymentPostprocessing = 0;
		};
		5B07E54D2E25496400B78F8B /* Resources */ = {
			isa = PBXResourcesBuildPhase;
			buildActionMask = 2147483647;
			files = (
			);
			runOnlyForDeploymentPostprocessing = 0;
		};
		5B07E5572E25496400B78F8B /* Resources */ = {
			isa = PBXResourcesBuildPhase;
			buildActionMask = 2147483647;
			files = (
			);
			runOnlyForDeploymentPostprocessing = 0;
		};
		5B74E7452F15AC2D0023F3FF /* Resources */ = {
			isa = PBXResourcesBuildPhase;
			buildActionMask = 2147483647;
			files = (
			);
			runOnlyForDeploymentPostprocessing = 0;
		};
		5B74E7512F15AC380023F3FF /* Resources */ = {
			isa = PBXResourcesBuildPhase;
			buildActionMask = 2147483647;
			files = (
			);
			runOnlyForDeploymentPostprocessing = 0;
		};
		5B74E75B2F15AC380023F3FF /* Resources */ = {
			isa = PBXResourcesBuildPhase;
			buildActionMask = 2147483647;
			files = (
			);
			runOnlyForDeploymentPostprocessing = 0;
		};
/* End PBXResourcesBuildPhase section */

/* Begin PBXSourcesBuildPhase section */
		5B07E53D2E25495800B78F8B /* Sources */ = {
			isa = PBXSourcesBuildPhase;
			buildActionMask = 2147483647;
			files = (
			);
			runOnlyForDeploymentPostprocessing = 0;
		};
		5B07E54B2E25496400B78F8B /* Sources */ = {
			isa = PBXSourcesBuildPhase;
			buildActionMask = 2147483647;
			files = (
			);
			runOnlyForDeploymentPostprocessing = 0;
		};
		5B07E5552E25496400B78F8B /* Sources */ = {
			isa = PBXSourcesBuildPhase;
			buildActionMask = 2147483647;
			files = (
			);
			runOnlyForDeploymentPostprocessing = 0;
		};
		5B74E7432F15AC2D0023F3FF /* Sources */ = {
			isa = PBXSourcesBuildPhase;
			buildActionMask = 2147483647;
			files = (
			);
			runOnlyForDeploymentPostprocessing = 0;
		};
		5B74E74F2F15AC380023F3FF /* Sources */ = {
			isa = PBXSourcesBuildPhase;
			buildActionMask = 2147483647;
			files = (
			);
			runOnlyForDeploymentPostprocessing = 0;
		};
		5B74E7592F15AC380023F3FF /* Sources */ = {
			isa = PBXSourcesBuildPhase;
			buildActionMask = 2147483647;
			files = (
			);
			runOnlyForDeploymentPostprocessing = 0;
		};
/* End PBXSourcesBuildPhase section */

/* Begin PBXTargetDependency section */
		5B07E5512E25496400B78F8B /* PBXTargetDependency */ = {
			isa = PBXTargetDependency;
			target = 5B07E5402E25495800B78F8B /* EpicPlay */;
			targetProxy = 5B07E5502E25496400B78F8B /* PBXContainerItemProxy */;
		};
		5B07E55B2E25496400B78F8B /* PBXTargetDependency */ = {
			isa = PBXTargetDependency;
			target = 5B07E5402E25495800B78F8B /* EpicPlay */;
			targetProxy = 5B07E55A2E25496400B78F8B /* PBXContainerItemProxy */;
		};
		5B74E7552F15AC380023F3FF /* PBXTargetDependency */ = {
			isa = PBXTargetDependency;
			target = 5B74E7462F15AC2D0023F3FF /* EpicPlayWatch Watch App */;
			targetProxy = 5B74E7542F15AC380023F3FF /* PBXContainerItemProxy */;
		};
		5B74E75F2F15AC380023F3FF /* PBXTargetDependency */ = {
			isa = PBXTargetDependency;
			target = 5B74E7462F15AC2D0023F3FF /* EpicPlayWatch Watch App */;
			targetProxy = 5B74E75E2F15AC380023F3FF /* PBXContainerItemProxy */;
		};
		5B74E7662F15AC380023F3FF /* PBXTargetDependency */ = {
			isa = PBXTargetDependency;
			target = 5B74E7462F15AC2D0023F3FF /* EpicPlayWatch Watch App */;
			targetProxy = 5B74E7652F15AC380023F3FF /* PBXContainerItemProxy */;
		};
/* End PBXTargetDependency section */

/* Begin XCBuildConfiguration section */
		5B07E5612E25496400B78F8B /* Debug */ = {
			isa = XCBuildConfiguration;
			buildSettings = {
				ALWAYS_SEARCH_USER_PATHS = NO;
				ASSETCATALOG_COMPILER_GENERATE_SWIFT_ASSET_SYMBOL_EXTENSIONS = YES;
				CLANG_ANALYZER_NONNULL = YES;
				CLANG_ANALYZER_NUMBER_OBJECT_CONVERSION = YES_AGGRESSIVE;
				CLANG_CXX_LANGUAGE_STANDARD = "gnu++20";
				CLANG_ENABLE_MODULES = YES;
				CLANG_ENABLE_OBJC_ARC = YES;
				CLANG_ENABLE_OBJC_WEAK = YES;
				CLANG_WARN_BLOCK_CAPTURE_AUTORELEASING = YES;
				CLANG_WARN_BOOL_CONVERSION = YES;
				CLANG_WARN_COMMA = YES;
				CLANG_WARN_CONSTANT_CONVERSION = YES;
				CLANG_WARN_DEPRECATED_OBJC_IMPLEMENTATIONS = YES;
				CLANG_WARN_DIRECT_OBJC_ISA_USAGE = YES_ERROR;
				CLANG_WARN_DOCUMENTATION_COMMENTS = YES;
				CLANG_WARN_EMPTY_BODY = YES;
				CLANG_WARN_ENUM_CONVERSION = YES;
				CLANG_WARN_INFINITE_RECURSION = YES;
				CLANG_WARN_INT_CONVERSION = YES;
				CLANG_WARN_NON_LITERAL_NULL_CONVERSION = YES;
				CLANG_WARN_OBJC_IMPLICIT_RETAIN_SELF = YES;
				CLANG_WARN_OBJC_LITERAL_CONVERSION = YES;
				CLANG_WARN_OBJC_ROOT_CLASS = YES_ERROR;
				CLANG_WARN_QUOTED_INCLUDE_IN_FRAMEWORK_HEADER = YES;
				CLANG_WARN_RANGE_LOOP_ANALYSIS = YES;
				CLANG_WARN_STRICT_PROTOTYPES = YES;
				CLANG_WARN_SUSPICIOUS_MOVE = YES;
				CLANG_WARN_UNGUARDED_AVAILABILITY = YES_AGGRESSIVE;
				CLANG_WARN_UNREACHABLE_CODE = YES;
				CLANG_WARN__DUPLICATE_METHOD_MATCH = YES;
				COPY_PHASE_STRIP = NO;
				DEBUG_INFORMATION_FORMAT = dwarf;
				DEVELOPMENT_TEAM = 543NG7WDFD;
				ENABLE_STRICT_OBJC_MSGSEND = YES;
				ENABLE_TESTABILITY = YES;
				ENABLE_USER_SCRIPT_SANDBOXING = YES;
				GCC_C_LANGUAGE_STANDARD = gnu17;
				GCC_DYNAMIC_NO_PIC = NO;
				GCC_NO_COMMON_BLOCKS = YES;
				GCC_OPTIMIZATION_LEVEL = 0;
				GCC_PREPROCESSOR_DEFINITIONS = (
					"DEBUG=1",
					"$(inherited)",
				);
				GCC_WARN_64_TO_32_BIT_CONVERSION = YES;
				GCC_WARN_ABOUT_RETURN_TYPE = YES_ERROR;
				GCC_WARN_UNDECLARED_SELECTOR = YES;
				GCC_WARN_UNINITIALIZED_AUTOS = YES_AGGRESSIVE;
				GCC_WARN_UNUSED_FUNCTION = YES;
				GCC_WARN_UNUSED_VARIABLE = YES;
				LOCALIZATION_PREFERS_STRING_CATALOGS = YES;
				MTL_ENABLE_DEBUG_INFO = INCLUDE_SOURCE;
				MTL_FAST_MATH = YES;
				ONLY_ACTIVE_ARCH = YES;
				SWIFT_ACTIVE_COMPILATION_CONDITIONS = "DEBUG $(inherited)";
				SWIFT_OPTIMIZATION_LEVEL = "-Onone";
			};
			name = Debug;
		};
		5B07E5622E25496400B78F8B /* Release */ = {
			isa = XCBuildConfiguration;
			buildSettings = {
				ALWAYS_SEARCH_USER_PATHS = NO;
				ASSETCATALOG_COMPILER_GENERATE_SWIFT_ASSET_SYMBOL_EXTENSIONS = YES;
				CLANG_ANALYZER_NONNULL = YES;
				CLANG_ANALYZER_NUMBER_OBJECT_CONVERSION = YES_AGGRESSIVE;
				CLANG_CXX_LANGUAGE_STANDARD = "gnu++20";
				CLANG_ENABLE_MODULES = YES;
				CLANG_ENABLE_OBJC_ARC = YES;
				CLANG_ENABLE_OBJC_WEAK = YES;
				CLANG_WARN_BLOCK_CAPTURE_AUTORELEASING = YES;
				CLANG_WARN_BOOL_CONVERSION = YES;
				CLANG_WARN_COMMA = YES;
				CLANG_WARN_CONSTANT_CONVERSION = YES;
				CLANG_WARN_DEPRECATED_OBJC_IMPLEMENTATIONS = YES;
				CLANG_WARN_DIRECT_OBJC_ISA_USAGE = YES_ERROR;
				CLANG_WARN_DOCUMENTATION_COMMENTS = YES;
				CLANG_WARN_EMPTY_BODY = YES;
				CLANG_WARN_ENUM_CONVERSION = YES;
				CLANG_WARN_INFINITE_RECURSION = YES;
				CLANG_WARN_INT_CONVERSION = YES;
				CLANG_WARN_NON_LITERAL_NULL_CONVERSION = YES;
				CLANG_WARN_OBJC_IMPLICIT_RETAIN_SELF = YES;
				CLANG_WARN_OBJC_LITERAL_CONVERSION = YES;
				CLANG_WARN_OBJC_ROOT_CLASS = YES_ERROR;
				CLANG_WARN_QUOTED_INCLUDE_IN_FRAMEWORK_HEADER = YES;
				CLANG_WARN_RANGE_LOOP_ANALYSIS = YES;
				CLANG_WARN_STRICT_PROTOTYPES = YES;
				CLANG_WARN_SUSPICIOUS_MOVE = YES;
				CLANG_WARN_UNGUARDED_AVAILABILITY = YES_AGGRESSIVE;
				CLANG_WARN_UNREACHABLE_CODE = YES;
				CLANG_WARN__DUPLICATE_METHOD_MATCH = YES;
				COPY_PHASE_STRIP = NO;
				DEBUG_INFORMATION_FORMAT = "dwarf-with-dsym";
				DEVELOPMENT_TEAM = 543NG7WDFD;
				ENABLE_NS_ASSERTIONS = NO;
				ENABLE_STRICT_OBJC_MSGSEND = YES;
				ENABLE_USER_SCRIPT_SANDBOXING = YES;
				GCC_C_LANGUAGE_STANDARD = gnu17;
				GCC_NO_COMMON_BLOCKS = YES;
				GCC_WARN_64_TO_32_BIT_CONVERSION = YES;
				GCC_WARN_ABOUT_RETURN_TYPE = YES_ERROR;
				GCC_WARN_UNDECLARED_SELECTOR = YES;
				GCC_WARN_UNINITIALIZED_AUTOS = YES_AGGRESSIVE;
				GCC_WARN_UNUSED_FUNCTION = YES;
				GCC_WARN_UNUSED_VARIABLE = YES;
				LOCALIZATION_PREFERS_STRING_CATALOGS = YES;
				MTL_ENABLE_DEBUG_INFO = NO;
				MTL_FAST_MATH = YES;
				SWIFT_COMPILATION_MODE = wholemodule;
			};
			name = Release;
		};
		5B07E5642E25496400B78F8B /* Debug */ = {
			isa = XCBuildConfiguration;
			buildSettings = {
				ASSETCATALOG_COMPILER_APPICON_NAME = AppIcon;
				ASSETCATALOG_COMPILER_GLOBAL_ACCENT_COLOR_NAME = AccentColor;
				CODE_SIGN_ENTITLEMENTS = EpicPlay/EpicPlay.entitlements;
				CODE_SIGN_IDENTITY = "Apple Development";
				CODE_SIGN_STYLE = Automatic;
				CURRENT_PROJECT_VERSION = 11;
				DEVELOPMENT_TEAM = 543NG7WDFD;
				ENABLE_HARDENED_RUNTIME = YES;
				ENABLE_PREVIEWS = YES;
				GENERATE_INFOPLIST_FILE = NO;
				INFOPLIST_FILE = EpicPlay/Info.plist;
				"INFOPLIST_KEY_UIApplicationSceneManifest_Generation[sdk=iphoneos*]" = YES;
				"INFOPLIST_KEY_UIApplicationSceneManifest_Generation[sdk=iphonesimulator*]" = YES;
				"INFOPLIST_KEY_UIApplicationSupportsIndirectInputEvents[sdk=iphoneos*]" = YES;
				"INFOPLIST_KEY_UIApplicationSupportsIndirectInputEvents[sdk=iphonesimulator*]" = YES;
				"INFOPLIST_KEY_UILaunchScreen_Generation[sdk=iphoneos*]" = YES;
				"INFOPLIST_KEY_UILaunchScreen_Generation[sdk=iphonesimulator*]" = YES;
				"INFOPLIST_KEY_UIStatusBarStyle[sdk=iphoneos*]" = UIStatusBarStyleDefault;
				"INFOPLIST_KEY_UIStatusBarStyle[sdk=iphonesimulator*]" = UIStatusBarStyleDefault;
				INFOPLIST_KEY_UISupportedInterfaceOrientations_iPad = "UIInterfaceOrientationPortrait UIInterfaceOrientationPortraitUpsideDown UIInterfaceOrientationLandscapeLeft UIInterfaceOrientationLandscapeRight";
				INFOPLIST_KEY_UISupportedInterfaceOrientations_iPhone = "UIInterfaceOrientationPortrait UIInterfaceOrientationLandscapeLeft UIInterfaceOrientationLandscapeRight";
				IPHONEOS_DEPLOYMENT_TARGET = 15.5;
				LD_RUNPATH_SEARCH_PATHS = "@executable_path/Frameworks";
				"LD_RUNPATH_SEARCH_PATHS[sdk=macosx*]" = "@executable_path/../Frameworks";
				MACOSX_DEPLOYMENT_TARGET = 15.5;
				MARKETING_VERSION = 1.11;
				PRODUCT_BUNDLE_IDENTIFIER = com.domot.EpicPlay;
				PRODUCT_NAME = "$(TARGET_NAME)";
				PROVISIONING_PROFILE_SPECIFIER = "";
				REGISTER_APP_GROUPS = YES;
				SDKROOT = auto;
				SUPPORTED_PLATFORMS = "iphoneos iphonesimulator";
				SUPPORTS_MACCATALYST = NO;
				SWIFT_EMIT_LOC_STRINGS = YES;
				SWIFT_VERSION = 5.0;
				TARGETED_DEVICE_FAMILY = "1,2";
				XROS_DEPLOYMENT_TARGET = 2.5;
			};
			name = Debug;
		};
		5B07E5652E25496400B78F8B /* Release */ = {
			isa = XCBuildConfiguration;
			buildSettings = {
				ASSETCATALOG_COMPILER_APPICON_NAME = AppIcon;
				ASSETCATALOG_COMPILER_GLOBAL_ACCENT_COLOR_NAME = AccentColor;
				CODE_SIGN_ENTITLEMENTS = EpicPlay/EpicPlay.entitlements;
				CODE_SIGN_IDENTITY = "Apple Development";
				CODE_SIGN_STYLE = Automatic;
				CURRENT_PROJECT_VERSION = 11;
				DEVELOPMENT_TEAM = 543NG7WDFD;
				ENABLE_HARDENED_RUNTIME = YES;
				ENABLE_PREVIEWS = YES;
				GENERATE_INFOPLIST_FILE = NO;
				INFOPLIST_FILE = EpicPlay/Info.plist;
				"INFOPLIST_KEY_UIApplicationSceneManifest_Generation[sdk=iphoneos*]" = YES;
				"INFOPLIST_KEY_UIApplicationSceneManifest_Generation[sdk=iphonesimulator*]" = YES;
				"INFOPLIST_KEY_UIApplicationSupportsIndirectInputEvents[sdk=iphoneos*]" = YES;
				"INFOPLIST_KEY_UIApplicationSupportsIndirectInputEvents[sdk=iphonesimulator*]" = YES;
				"INFOPLIST_KEY_UILaunchScreen_Generation[sdk=iphoneos*]" = YES;
				"INFOPLIST_KEY_UILaunchScreen_Generation[sdk=iphonesimulator*]" = YES;
				"INFOPLIST_KEY_UIStatusBarStyle[sdk=iphoneos*]" = UIStatusBarStyleDefault;
				"INFOPLIST_KEY_UIStatusBarStyle[sdk=iphonesimulator*]" = UIStatusBarStyleDefault;
				INFOPLIST_KEY_UISupportedInterfaceOrientations_iPad = "UIInterfaceOrientationPortrait UIInterfaceOrientationPortraitUpsideDown UIInterfaceOrientationLandscapeLeft UIInterfaceOrientationLandscapeRight";
				INFOPLIST_KEY_UISupportedInterfaceOrientations_iPhone = "UIInterfaceOrientationPortrait UIInterfaceOrientationLandscapeLeft UIInterfaceOrientationLandscapeRight";
				IPHONEOS_DEPLOYMENT_TARGET = 15.5;
				LD_RUNPATH_SEARCH_PATHS = "@executable_path/Frameworks";
				"LD_RUNPATH_SEARCH_PATHS[sdk=macosx*]" = "@executable_path/../Frameworks";
				MACOSX_DEPLOYMENT_TARGET = 15.5;
				MARKETING_VERSION = 1.11;
				ONLY_ACTIVE_ARCH = YES;
				PRODUCT_BUNDLE_IDENTIFIER = com.domot.EpicPlay;
				PRODUCT_NAME = "$(TARGET_NAME)";
				PROVISIONING_PROFILE_SPECIFIER = "";
				REGISTER_APP_GROUPS = YES;
				SDKROOT = auto;
				SUPPORTED_PLATFORMS = "iphoneos iphonesimulator";
				SUPPORTS_MACCATALYST = NO;
				SWIFT_EMIT_LOC_STRINGS = YES;
				SWIFT_VERSION = 5.0;
				TARGETED_DEVICE_FAMILY = "1,2";
				XROS_DEPLOYMENT_TARGET = 2.5;
			};
			name = Release;
		};
		5B07E5672E25496400B78F8B /* Debug */ = {
			isa = XCBuildConfiguration;
			buildSettings = {
				BUNDLE_LOADER = "$(TEST_HOST)";
				CODE_SIGN_STYLE = Automatic;
				CURRENT_PROJECT_VERSION = 1;
				DEVELOPMENT_TEAM = 543NG7WDFD;
				GENERATE_INFOPLIST_FILE = YES;
				IPHONEOS_DEPLOYMENT_TARGET = 18.5;
				MACOSX_DEPLOYMENT_TARGET = 15.5;
				MARKETING_VERSION = 1.0;
				PRODUCT_BUNDLE_IDENTIFIER = com.domot.EpicPlayTests;
				PRODUCT_NAME = "$(TARGET_NAME)";
				SDKROOT = auto;
				SUPPORTED_PLATFORMS = "iphoneos iphonesimulator macosx xros xrsimulator";
				SWIFT_EMIT_LOC_STRINGS = NO;
				SWIFT_VERSION = 5.0;
				TARGETED_DEVICE_FAMILY = "1,2,7";
				TEST_HOST = "$(BUILT_PRODUCTS_DIR)/EpicPlay.app/$(BUNDLE_EXECUTABLE_FOLDER_PATH)/EpicPlay";
				XROS_DEPLOYMENT_TARGET = 2.5;
			};
			name = Debug;
		};
		5B07E5682E25496400B78F8B /* Release */ = {
			isa = XCBuildConfiguration;
			buildSettings = {
				BUNDLE_LOADER = "$(TEST_HOST)";
				CODE_SIGN_STYLE = Automatic;
				CURRENT_PROJECT_VERSION = 1;
				DEVELOPMENT_TEAM = 543NG7WDFD;
				GENERATE_INFOPLIST_FILE = YES;
				IPHONEOS_DEPLOYMENT_TARGET = 18.5;
				MACOSX_DEPLOYMENT_TARGET = 15.5;
				MARKETING_VERSION = 1.0;
				PRODUCT_BUNDLE_IDENTIFIER = com.domot.EpicPlayTests;
				PRODUCT_NAME = "$(TARGET_NAME)";
				SDKROOT = auto;
				SUPPORTED_PLATFORMS = "iphoneos iphonesimulator macosx xros xrsimulator";
				SWIFT_EMIT_LOC_STRINGS = NO;
				SWIFT_VERSION = 5.0;
				TARGETED_DEVICE_FAMILY = "1,2,7";
				TEST_HOST = "$(BUILT_PRODUCTS_DIR)/EpicPlay.app/$(BUNDLE_EXECUTABLE_FOLDER_PATH)/EpicPlay";
				XROS_DEPLOYMENT_TARGET = 2.5;
			};
			name = Release;
		};
		5B07E56A2E25496400B78F8B /* Debug */ = {
			isa = XCBuildConfiguration;
			buildSettings = {
				CODE_SIGN_STYLE = Automatic;
				CURRENT_PROJECT_VERSION = 1;
				DEVELOPMENT_TEAM = 543NG7WDFD;
				GENERATE_INFOPLIST_FILE = YES;
				IPHONEOS_DEPLOYMENT_TARGET = 18.5;
				MACOSX_DEPLOYMENT_TARGET = 15.5;
				MARKETING_VERSION = 1.0;
				PRODUCT_BUNDLE_IDENTIFIER = com.domot.EpicPlayUITests;
				PRODUCT_NAME = "$(TARGET_NAME)";
				SDKROOT = auto;
				SUPPORTED_PLATFORMS = "iphoneos iphonesimulator macosx xros xrsimulator";
				SWIFT_EMIT_LOC_STRINGS = NO;
				SWIFT_VERSION = 5.0;
				TARGETED_DEVICE_FAMILY = "1,2,7";
				TEST_TARGET_NAME = EpicPlay;
				XROS_DEPLOYMENT_TARGET = 2.5;
			};
			name = Debug;
		};
		5B07E56B2E25496400B78F8B /* Release */ = {
			isa = XCBuildConfiguration;
			buildSettings = {
				CODE_SIGN_STYLE = Automatic;
				CURRENT_PROJECT_VERSION = 1;
				DEVELOPMENT_TEAM = 543NG7WDFD;
				GENERATE_INFOPLIST_FILE = YES;
				IPHONEOS_DEPLOYMENT_TARGET = 18.5;
				MACOSX_DEPLOYMENT_TARGET = 15.5;
				MARKETING_VERSION = 1.0;
				PRODUCT_BUNDLE_IDENTIFIER = com.domot.EpicPlayUITests;
				PRODUCT_NAME = "$(TARGET_NAME)";
				SDKROOT = auto;
				SUPPORTED_PLATFORMS = "iphoneos iphonesimulator macosx xros xrsimulator";
				SWIFT_EMIT_LOC_STRINGS = NO;
				SWIFT_VERSION = 5.0;
				TARGETED_DEVICE_FAMILY = "1,2,7";
				TEST_TARGET_NAME = EpicPlay;
				XROS_DEPLOYMENT_TARGET = 2.5;
			};
			name = Release;
		};
		5B74E7682F15AC380023F3FF /* Debug */ = {
			isa = XCBuildConfiguration;
			buildSettings = {
				ASSETCATALOG_COMPILER_APPICON_NAME = AppIcon;
				ASSETCATALOG_COMPILER_GLOBAL_ACCENT_COLOR_NAME = AccentColor;
				CODE_SIGN_IDENTITY = "Apple Development";
				"CODE_SIGN_IDENTITY[sdk=iphoneos*]" = "Apple Development";
				CODE_SIGN_STYLE = Automatic;
				CURRENT_PROJECT_VERSION = 1;
				DEVELOPMENT_TEAM = 543NG7WDFD;
				ENABLE_PREVIEWS = YES;
				GENERATE_INFOPLIST_FILE = YES;
				INFOPLIST_KEY_CFBundleDisplayName = EpicPlayWatch;
				INFOPLIST_KEY_UISupportedInterfaceOrientations = "UIInterfaceOrientationPortrait UIInterfaceOrientationPortraitUpsideDown";
				INFOPLIST_KEY_WKCompanionAppBundleIdentifier = com.domot.EpicPlay;
				INFOPLIST_KEY_WKRunsIndependentlyOfCompanionApp = YES;
				LD_RUNPATH_SEARCH_PATHS = (
					"$(inherited)",
					"@executable_path/Frameworks",
				);
				MARKETING_VERSION = 1.0;
				PRODUCT_BUNDLE_IDENTIFIER = com.domot.EpicPlay.watchkitapp;
				PRODUCT_NAME = "$(TARGET_NAME)";
				SDKROOT = watchos;
				SKIP_INSTALL = YES;
				SWIFT_EMIT_LOC_STRINGS = YES;
				SWIFT_VERSION = 5.0;
				TARGETED_DEVICE_FAMILY = 4;
				WATCHOS_DEPLOYMENT_TARGET = 11.5;
			};
			name = Debug;
		};
		5B74E7692F15AC380023F3FF /* Release */ = {
			isa = XCBuildConfiguration;
			buildSettings = {
				ASSETCATALOG_COMPILER_APPICON_NAME = AppIcon;
				ASSETCATALOG_COMPILER_GLOBAL_ACCENT_COLOR_NAME = AccentColor;
				CODE_SIGN_IDENTITY = "Apple Development";
				"CODE_SIGN_IDENTITY[sdk=iphoneos*]" = "Apple Development";
				CODE_SIGN_STYLE = Automatic;
				CURRENT_PROJECT_VERSION = 1;
				DEVELOPMENT_TEAM = 543NG7WDFD;
				ENABLE_PREVIEWS = YES;
				GENERATE_INFOPLIST_FILE = YES;
				INFOPLIST_KEY_CFBundleDisplayName = EpicPlayWatch;
				INFOPLIST_KEY_UISupportedInterfaceOrientations = "UIInterfaceOrientationPortrait UIInterfaceOrientationPortraitUpsideDown";
				INFOPLIST_KEY_WKCompanionAppBundleIdentifier = com.domot.EpicPlay;
				INFOPLIST_KEY_WKRunsIndependentlyOfCompanionApp = YES;
				LD_RUNPATH_SEARCH_PATHS = (
					"$(inherited)",
					"@executable_path/Frameworks",
				);
				MARKETING_VERSION = 1.0;
				PRODUCT_BUNDLE_IDENTIFIER = com.domot.EpicPlay.watchkitapp;
				PRODUCT_NAME = "$(TARGET_NAME)";
				SDKROOT = watchos;
				SKIP_INSTALL = YES;
				SWIFT_EMIT_LOC_STRINGS = YES;
				SWIFT_VERSION = 5.0;
				TARGETED_DEVICE_FAMILY = 4;
				VALIDATE_PRODUCT = YES;
				WATCHOS_DEPLOYMENT_TARGET = 11.5;
			};
			name = Release;
		};
		5B74E76A2F15AC380023F3FF /* Debug */ = {
			isa = XCBuildConfiguration;
			buildSettings = {
				BUNDLE_LOADER = "$(TEST_HOST)";
				CODE_SIGN_IDENTITY = "Apple Development";
				CODE_SIGN_STYLE = Automatic;
				CURRENT_PROJECT_VERSION = 1;
				DEVELOPMENT_TEAM = 543NG7WDFD;
				GENERATE_INFOPLIST_FILE = YES;
				MARKETING_VERSION = 1.0;
				PRODUCT_BUNDLE_IDENTIFIER = "com.domot.EpicPlayWatch-Watch-AppTests";
				PRODUCT_NAME = "$(TARGET_NAME)";
				SDKROOT = watchos;
				SWIFT_EMIT_LOC_STRINGS = NO;
				SWIFT_VERSION = 5.0;
				TARGETED_DEVICE_FAMILY = 4;
				TEST_HOST = "$(BUILT_PRODUCTS_DIR)/EpicPlayWatch Watch App.app/$(BUNDLE_EXECUTABLE_FOLDER_PATH)/EpicPlayWatch Watch App";
				WATCHOS_DEPLOYMENT_TARGET = 11.5;
			};
			name = Debug;
		};
		5B74E76B2F15AC380023F3FF /* Release */ = {
			isa = XCBuildConfiguration;
			buildSettings = {
				BUNDLE_LOADER = "$(TEST_HOST)";
				CODE_SIGN_IDENTITY = "Apple Development";
				CODE_SIGN_STYLE = Automatic;
				CURRENT_PROJECT_VERSION = 1;
				DEVELOPMENT_TEAM = 543NG7WDFD;
				GENERATE_INFOPLIST_FILE = YES;
				MARKETING_VERSION = 1.0;
				PRODUCT_BUNDLE_IDENTIFIER = "com.domot.EpicPlayWatch-Watch-AppTests";
				PRODUCT_NAME = "$(TARGET_NAME)";
				SDKROOT = watchos;
				SWIFT_EMIT_LOC_STRINGS = NO;
				SWIFT_VERSION = 5.0;
				TARGETED_DEVICE_FAMILY = 4;
				TEST_HOST = "$(BUILT_PRODUCTS_DIR)/EpicPlayWatch Watch App.app/$(BUNDLE_EXECUTABLE_FOLDER_PATH)/EpicPlayWatch Watch App";
				VALIDATE_PRODUCT = YES;
				WATCHOS_DEPLOYMENT_TARGET = 11.5;
			};
			name = Release;
		};
		5B74E76C2F15AC380023F3FF /* Debug */ = {
			isa = XCBuildConfiguration;
			buildSettings = {
				CODE_SIGN_IDENTITY = "Apple Development";
				CODE_SIGN_STYLE = Automatic;
				CURRENT_PROJECT_VERSION = 1;
				DEVELOPMENT_TEAM = 543NG7WDFD;
				GENERATE_INFOPLIST_FILE = YES;
				MARKETING_VERSION = 1.0;
				PRODUCT_BUNDLE_IDENTIFIER = "com.domot.EpicPlayWatch-Watch-AppUITests";
				PRODUCT_NAME = "$(TARGET_NAME)";
				SDKROOT = watchos;
				SWIFT_EMIT_LOC_STRINGS = NO;
				SWIFT_VERSION = 5.0;
				TARGETED_DEVICE_FAMILY = 4;
				TEST_TARGET_NAME = "EpicPlayWatch Watch App";
				WATCHOS_DEPLOYMENT_TARGET = 11.5;
			};
			name = Debug;
		};
		5B74E76D2F15AC380023F3FF /* Release */ = {
			isa = XCBuildConfiguration;
			buildSettings = {
				CODE_SIGN_IDENTITY = "Apple Development";
				CODE_SIGN_STYLE = Automatic;
				CURRENT_PROJECT_VERSION = 1;
				DEVELOPMENT_TEAM = 543NG7WDFD;
				GENERATE_INFOPLIST_FILE = YES;
				MARKETING_VERSION = 1.0;
				PRODUCT_BUNDLE_IDENTIFIER = "com.domot.EpicPlayWatch-Watch-AppUITests";
				PRODUCT_NAME = "$(TARGET_NAME)";
				SDKROOT = watchos;
				SWIFT_EMIT_LOC_STRINGS = NO;
				SWIFT_VERSION = 5.0;
				TARGETED_DEVICE_FAMILY = 4;
				TEST_TARGET_NAME = "EpicPlayWatch Watch App";
				VALIDATE_PRODUCT = YES;
				WATCHOS_DEPLOYMENT_TARGET = 11.5;
			};
			name = Release;
		};
/* End XCBuildConfiguration section */

/* Begin XCConfigurationList section */
		5B07E53C2E25495800B78F8B /* Build configuration list for PBXProject "EpicPlay" */ = {
			isa = XCConfigurationList;
			buildConfigurations = (
				5B07E5612E25496400B78F8B /* Debug */,
				5B07E5622E25496400B78F8B /* Release */,
			);
			defaultConfigurationIsVisible = 0;
			defaultConfigurationName = Release;
		};
		5B07E5632E25496400B78F8B /* Build configuration list for PBXNativeTarget "EpicPlay" */ = {
			isa = XCConfigurationList;
			buildConfigurations = (
				5B07E5642E25496400B78F8B /* Debug */,
				5B07E5652E25496400B78F8B /* Release */,
			);
			defaultConfigurationIsVisible = 0;
			defaultConfigurationName = Release;
		};
		5B07E5662E25496400B78F8B /* Build configuration list for PBXNativeTarget "EpicPlayTests" */ = {
			isa = XCConfigurationList;
			buildConfigurations = (
				5B07E5672E25496400B78F8B /* Debug */,
				5B07E5682E25496400B78F8B /* Release */,
			);
			defaultConfigurationIsVisible = 0;
			defaultConfigurationName = Release;
		};
		5B07E5692E25496400B78F8B /* Build configuration list for PBXNativeTarget "EpicPlayUITests" */ = {
			isa = XCConfigurationList;
			buildConfigurations = (
				5B07E56A2E25496400B78F8B /* Debug */,
				5B07E56B2E25496400B78F8B /* Release */,
			);
			defaultConfigurationIsVisible = 0;
			defaultConfigurationName = Release;
		};
		5B74E76E2F15AC380023F3FF /* Build configuration list for PBXNativeTarget "EpicPlayWatch Watch App" */ = {
			isa = XCConfigurationList;
			buildConfigurations = (
				5B74E7682F15AC380023F3FF /* Debug */,
				5B74E7692F15AC380023F3FF /* Release */,
			);
			defaultConfigurationIsVisible = 0;
			defaultConfigurationName = Release;
		};
		5B74E76F2F15AC380023F3FF /* Build configuration list for PBXNativeTarget "EpicPlayWatch Watch AppTests" */ = {
			isa = XCConfigurationList;
			buildConfigurations = (
				5B74E76A2F15AC380023F3FF /* Debug */,
				5B74E76B2F15AC380023F3FF /* Release */,
			);
			defaultConfigurationIsVisible = 0;
			defaultConfigurationName = Release;
		};
		5B74E7702F15AC380023F3FF /* Build configuration list for PBXNativeTarget "EpicPlayWatch Watch AppUITests" */ = {
			isa = XCConfigurationList;
			buildConfigurations = (
				5B74E76C2F15AC380023F3FF /* Debug */,
				5B74E76D2F15AC380023F3FF /* Release */,
			);
			defaultConfigurationIsVisible = 0;
			defaultConfigurationName = Release;
		};
/* End XCConfigurationList section */
	};
	rootObject = 5B07E5392E25495800B78F8B /* Project object */;
}
